
Microsoft Visual Studio Solution File, Format Version 12.00
# Visual Studio Version 16
VisualStudioVersion = 16.0.29201.188
MinimumVisualStudioVersion = 10.0.40219.1
Project("{FAE04EC0-301F-11D3-BF4B-00C04F79EFBC}") = "MA.Center", "MA.Center\MA.Center.csproj", "{974D38DC-1E91-4219-8E2B-E66FFBC623E2}"
EndProject
Project("{FAE04EC0-301F-11D3-BF4B-00C04F79EFBC}") = "MA.NetWeb", "MA.NetWeb\MA.NetWeb.csproj", "{30BE057B-927D-4160-8778-DB4C9E4378BF}"
EndProject
Project("{FAE04EC0-301F-11D3-BF4B-00C04F79EFBC}") = "MA.PracticalPattern", "MA.PracticalPattern\MA.PracticalPattern.csproj", "{530BF1D0-6FB6-4644-9832-4CA33A1300E5}"
EndProject
Project("{FAE04EC0-301F-11D3-BF4B-00C04F79EFBC}") = "MA.UnitTestProject", "MA.UnitTestProject\MA.UnitTestProject.csproj", "{912B82D4-03EA-49D8-B8C3-95ADDF946764}"
EndProject
Project("{FAE04EC0-301F-11D3-BF4B-00C04F79EFBC}") = "MA.ConsoleQuartz", "MA.Console\MA.ConsoleQuartz.csproj", "{7545599F-4394-483C-A1C2-5E7282EBCDC1}"
EndProject
Project("{2150E333-8FDC-42A3-9474-1A3956D46DE8}") = "Socket", "Socket", "{ADBDAE5C-E107-41DA-A13B-B7C05FDDD7AA}"
EndProject
Project("{FAE04EC0-301F-11D3-BF4B-00C04F79EFBC}") = "MA.SocketClient", "MA.SocketClient\MA.SocketClient.csproj", "{45C6910B-2D46-4B66-A79C-BAFA410AB666}"
EndProject
Project("{FAE04EC0-301F-11D3-BF4B-00C04F79EFBC}") = "MA.SocketServer", "MA.SocketServer\MA.SocketServer.csproj", "{D0FE5D62-D906-45AC-9B43-BEF865569B2C}"
EndProject
Project("{FAE04EC0-301F-11D3-BF4B-00C04F79EFBC}") = "MA.ServiceCenter", "MA.ServiceCenter\MA.ServiceCenter.csproj", "{4D812F44-D3C5-48EA-BD9B-4681933FE256}"
EndProject
Project("{00D1A9C2-B5F0-4AF3-8072-F6C62B433612}") = "MA.DBManage", "MA.DBManage\MA.DBManage.sqlproj", "{5DFF28E3-3AD9-46FD-81BB-2B0FC07F2B88}"
EndProject
Project("{FAE04EC0-301F-11D3-BF4B-00C04F79EFBC}") = "Ma.Models", "Ma.Models\Ma.Models.csproj", "{12F8F0AE-CD5F-4BEF-BA57-0B3888948B6B}"
EndProject
Global
	GlobalSection(SolutionConfigurationPlatforms) = preSolution
		Debug|Any CPU = Debug|Any CPU
		Release|Any CPU = Release|Any CPU
	EndGlobalSection
	GlobalSection(ProjectConfigurationPlatforms) = postSolution
		{974D38DC-1E91-4219-8E2B-E66FFBC623E2}.Debug|Any CPU.ActiveCfg = Debug|Any CPU
		{974D38DC-1E91-4219-8E2B-E66FFBC623E2}.Debug|Any CPU.Build.0 = Debug|Any CPU
		{974D38DC-1E91-4219-8E2B-E66FFBC623E2}.Release|Any CPU.ActiveCfg = Release|Any CPU
		{974D38DC-1E91-4219-8E2B-E66FFBC623E2}.Release|Any CPU.Build.0 = Release|Any CPU
		{30BE057B-927D-4160-8778-DB4C9E4378BF}.Debug|Any CPU.ActiveCfg = Debug|Any CPU
		{30BE057B-927D-4160-8778-DB4C9E4378BF}.Debug|Any CPU.Build.0 = Debug|Any CPU
		{30BE057B-927D-4160-8778-DB4C9E4378BF}.Release|Any CPU.ActiveCfg = Release|Any CPU
		{30BE057B-927D-4160-8778-DB4C9E4378BF}.Release|Any CPU.Build.0 = Release|Any CPU
		{530BF1D0-6FB6-4644-9832-4CA33A1300E5}.Debug|Any CPU.ActiveCfg = Debug|Any CPU
		{530BF1D0-6FB6-4644-9832-4CA33A1300E5}.Debug|Any CPU.Build.0 = Debug|Any CPU
		{530BF1D0-6FB6-4644-9832-4CA33A1300E5}.Release|Any CPU.ActiveCfg = Release|Any CPU
		{530BF1D0-6FB6-4644-9832-4CA33A1300E5}.Release|Any CPU.Build.0 = Release|Any CPU
		{912B82D4-03EA-49D8-B8C3-95ADDF946764}.Debug|Any CPU.ActiveCfg = Debug|Any CPU
		{912B82D4-03EA-49D8-B8C3-95ADDF946764}.Debug|Any CPU.Build.0 = Debug|Any CPU
		{912B82D4-03EA-49D8-B8C3-95ADDF946764}.Release|Any CPU.ActiveCfg = Release|Any CPU
		{912B82D4-03EA-49D8-B8C3-95ADDF946764}.Release|Any CPU.Build.0 = Release|Any CPU
		{7545599F-4394-483C-A1C2-5E7282EBCDC1}.Debug|Any CPU.ActiveCfg = Debug|Any CPU
		{7545599F-4394-483C-A1C2-5E7282EBCDC1}.Debug|Any CPU.Build.0 = Debug|Any CPU
		{7545599F-4394-483C-A1C2-5E7282EBCDC1}.Release|Any CPU.ActiveCfg = Release|Any CPU
		{7545599F-4394-483C-A1C2-5E7282EBCDC1}.Release|Any CPU.Build.0 = Release|Any CPU
		{45C6910B-2D46-4B66-A79C-BAFA410AB666}.Debug|Any CPU.ActiveCfg = Debug|Any CPU
		{45C6910B-2D46-4B66-A79C-BAFA410AB666}.Debug|Any CPU.Build.0 = Debug|Any CPU
		{45C6910B-2D46-4B66-A79C-BAFA410AB666}.Release|Any CPU.ActiveCfg = Release|Any CPU
		{45C6910B-2D46-4B66-A79C-BAFA410AB666}.Release|Any CPU.Build.0 = Release|Any CPU
		{D0FE5D62-D906-45AC-9B43-BEF865569B2C}.Debug|Any CPU.ActiveCfg = Debug|Any CPU
		{D0FE5D62-D906-45AC-9B43-BEF865569B2C}.Debug|Any CPU.Build.0 = Debug|Any CPU
		{D0FE5D62-D906-45AC-9B43-BEF865569B2C}.Release|Any CPU.ActiveCfg = Release|Any CPU
		{D0FE5D62-D906-45AC-9B43-BEF865569B2C}.Release|Any CPU.Build.0 = Release|Any CPU
		{4D812F44-D3C5-48EA-BD9B-4681933FE256}.Debug|Any CPU.ActiveCfg = Debug|Any CPU
		{4D812F44-D3C5-48EA-BD9B-4681933FE256}.Debug|Any CPU.Build.0 = Debug|Any CPU
		{4D812F44-D3C5-48EA-BD9B-4681933FE256}.Release|Any CPU.ActiveCfg = Release|Any CPU
		{4D812F44-D3C5-48EA-BD9B-4681933FE256}.Release|Any CPU.Build.0 = Release|Any CPU
		{5DFF28E3-3AD9-46FD-81BB-2B0FC07F2B88}.Debug|Any CPU.ActiveCfg = Debug|Any CPU
		{5DFF28E3-3AD9-46FD-81BB-2B0FC07F2B88}.Debug|Any CPU.Build.0 = Debug|Any CPU
		{5DFF28E3-3AD9-46FD-81BB-2B0FC07F2B88}.Debug|Any CPU.Deploy.0 = Debug|Any CPU
		{5DFF28E3-3AD9-46FD-81BB-2B0FC07F2B88}.Release|Any CPU.ActiveCfg = Release|Any CPU
		{5DFF28E3-3AD9-46FD-81BB-2B0FC07F2B88}.Release|Any CPU.Build.0 = Release|Any CPU
		{5DFF28E3-3AD9-46FD-81BB-2B0FC07F2B88}.Release|Any CPU.Deploy.0 = Release|Any CPU
		{12F8F0AE-CD5F-4BEF-BA57-0B3888948B6B}.Debug|Any CPU.ActiveCfg = Debug|Any CPU
		{12F8F0AE-CD5F-4BEF-BA57-0B3888948B6B}.Debug|Any CPU.Build.0 = Debug|Any CPU
		{12F8F0AE-CD5F-4BEF-BA57-0B3888948B6B}.Release|Any CPU.ActiveCfg = Release|Any CPU
		{12F8F0AE-CD5F-4BEF-BA57-0B3888948B6B}.Release|Any CPU.Build.0 = Release|Any CPU
	EndGlobalSection
	GlobalSection(SolutionProperties) = preSolution
		HideSolutionNode = FALSE
	EndGlobalSection
	GlobalSection(NestedProjects) = preSolution
		{45C6910B-2D46-4B66-A79C-BAFA410AB666} = {ADBDAE5C-E107-41DA-A13B-B7C05FDDD7AA}
		{D0FE5D62-D906-45AC-9B43-BEF865569B2C} = {ADBDAE5C-E107-41DA-A13B-B7C05FDDD7AA}
	EndGlobalSection
	GlobalSection(ExtensibilityGlobals) = postSolution
		SolutionGuid = {2AF8D02C-78F5-42F2-BFCA-E4F4872D60FE}
	EndGlobalSection
EndGlobal
