
Microsoft Visual Studio Solution File, Format Version 12.00
# Visual Studio Version 16
VisualStudioVersion = 16.0.29201.188
MinimumVisualStudioVersion = 10.0.40219.1
Project("{FAE04EC0-301F-11D3-BF4B-00C04F79EFBC}") = "MA.Center", "MA.Center\MA.Center.csproj", "{974D38DC-1E91-4219-8E2B-E66FFBC623E2}"
EndProject
Project("{FAE04EC0-301F-11D3-BF4B-00C04F79EFBC}") = "MA.NetWeb", "MA.NetWeb\MA.NetWeb.csproj", "{30BE057B-927D-4160-8778-DB4C9E4378BF}"
EndProject
Project("{FAE04EC0-301F-11D3-BF4B-00C04F79EFBC}") = "MA.PracticalPattern", "MA.PracticalPattern\MA.PracticalPattern.csproj", "{530BF1D0-6FB6-4644-9832-4CA33A1300E5}"
EndProject
Project("{FAE04EC0-301F-11D3-BF4B-00C04F79EFBC}") = "MA.UnitTestProject", "MA.UnitTestProject\MA.UnitTestProject.csproj", "{912B82D4-03EA-49D8-B8C3-95ADDF946764}"
EndProject
Project("{FAE04EC0-301F-11D3-BF4B-00C04F79EFBC}") = "MA.Console", "MA.Console\MA.Console.csproj", "{7545599F-4394-483C-A1C2-5E7282EBCDC1}"
EndProject
Global
	GlobalSection(SolutionConfigurationPlatforms) = preSolution
		Debug|Any CPU = Debug|Any CPU
		Release|Any CPU = Release|Any CPU
	EndGlobalSection
	GlobalSection(ProjectConfigurationPlatforms) = postSolution
		{974D38DC-1E91-4219-8E2B-E66FFBC623E2}.Debug|Any CPU.ActiveCfg = Debug|Any CPU
		{974D38DC-1E91-4219-8E2B-E66FFBC623E2}.Debug|Any CPU.Build.0 = Debug|Any CPU
		{974D38DC-1E91-4219-8E2B-E66FFBC623E2}.Release|Any CPU.ActiveCfg = Release|Any CPU
		{974D38DC-1E91-4219-8E2B-E66FFBC623E2}.Release|Any CPU.Build.0 = Release|Any CPU
		{30BE057B-927D-4160-8778-DB4C9E4378BF}.Debug|Any CPU.ActiveCfg = Debug|Any CPU
		{30BE057B-927D-4160-8778-DB4C9E4378BF}.Debug|Any CPU.Build.0 = Debug|Any CPU
		{30BE057B-927D-4160-8778-DB4C9E4378BF}.Release|Any CPU.ActiveCfg = Release|Any CPU
		{30BE057B-927D-4160-8778-DB4C9E4378BF}.Release|Any CPU.Build.0 = Release|Any CPU
		{530BF1D0-6FB6-4644-9832-4CA33A1300E5}.Debug|Any CPU.ActiveCfg = Debug|Any CPU
		{530BF1D0-6FB6-4644-9832-4CA33A1300E5}.Debug|Any CPU.Build.0 = Debug|Any CPU
		{530BF1D0-6FB6-4644-9832-4CA33A1300E5}.Release|Any CPU.ActiveCfg = Release|Any CPU
		{530BF1D0-6FB6-4644-9832-4CA33A1300E5}.Release|Any CPU.Build.0 = Release|Any CPU
		{912B82D4-03EA-49D8-B8C3-95ADDF946764}.Debug|Any CPU.ActiveCfg = Debug|Any CPU
		{912B82D4-03EA-49D8-B8C3-95ADDF946764}.Debug|Any CPU.Build.0 = Debug|Any CPU
		{912B82D4-03EA-49D8-B8C3-95ADDF946764}.Release|Any CPU.ActiveCfg = Release|Any CPU
		{912B82D4-03EA-49D8-B8C3-95ADDF946764}.Release|Any CPU.Build.0 = Release|Any CPU
		{7545599F-4394-483C-A1C2-5E7282EBCDC1}.Debug|Any CPU.ActiveCfg = Debug|Any CPU
		{7545599F-4394-483C-A1C2-5E7282EBCDC1}.Debug|Any CPU.Build.0 = Debug|Any CPU
		{7545599F-4394-483C-A1C2-5E7282EBCDC1}.Release|Any CPU.ActiveCfg = Release|Any CPU
		{7545599F-4394-483C-A1C2-5E7282EBCDC1}.Release|Any CPU.Build.0 = Release|Any CPU
	EndGlobalSection
	GlobalSection(SolutionProperties) = preSolution
		HideSolutionNode = FALSE
	EndGlobalSection
	GlobalSection(ExtensibilityGlobals) = postSolution
		SolutionGuid = {2AF8D02C-78F5-42F2-BFCA-E4F4872D60FE}
	EndGlobalSection
EndGlobal
